// !$*UTF8*$!
{
	archiveVersion = 1;
	classes = {
	};
	objectVersion = 55;
	objects = {

/* Begin PBXBuildFile section */
		D703B0B2282E917400865172 /* BackgroundAnimation.swift in Sources */ = {isa = PBXBuildFile; fileRef = D703B0B1282E917400865172 /* BackgroundAnimation.swift */; };
		D73B9AFB281E94EE005C376A /* AppDelegate.swift in Sources */ = {isa = PBXBuildFile; fileRef = D73B9AFA281E94EE005C376A /* AppDelegate.swift */; };
		D73B9AFD281E94EE005C376A /* SceneDelegate.swift in Sources */ = {isa = PBXBuildFile; fileRef = D73B9AFC281E94EE005C376A /* SceneDelegate.swift */; };
		D73B9AFF281E94EE005C376A /* HomeViewController.swift in Sources */ = {isa = PBXBuildFile; fileRef = D73B9AFE281E94EE005C376A /* HomeViewController.swift */; };
		D73B9B04281E94F0005C376A /* Assets.xcassets in Resources */ = {isa = PBXBuildFile; fileRef = D73B9B03281E94F0005C376A /* Assets.xcassets */; };
		D73B9B07281E94F0005C376A /* LaunchScreen.storyboard in Resources */ = {isa = PBXBuildFile; fileRef = D73B9B05281E94F0005C376A /* LaunchScreen.storyboard */; };
		D78F9DD7281E9BC60002A541 /* TabBarViewController.swift in Sources */ = {isa = PBXBuildFile; fileRef = D78F9DD6281E9BC60002A541 /* TabBarViewController.swift */; };
		D78F9DDA281E9C2B0002A541 /* SearchViewController.swift in Sources */ = {isa = PBXBuildFile; fileRef = D78F9DD9281E9C2B0002A541 /* SearchViewController.swift */; };
		D78F9DDC281E9C4C0002A541 /* LibraryViewController.swift in Sources */ = {isa = PBXBuildFile; fileRef = D78F9DDB281E9C4C0002A541 /* LibraryViewController.swift */; };
		D78F9DE1281E9D000002A541 /* AuthViewController.swift in Sources */ = {isa = PBXBuildFile; fileRef = D78F9DE0281E9D000002A541 /* AuthViewController.swift */; };
		D78F9DE3281E9D400002A541 /* HeadScreenViewController.swift in Sources */ = {isa = PBXBuildFile; fileRef = D78F9DE2281E9D400002A541 /* HeadScreenViewController.swift */; };
		D78F9DE6281E9D710002A541 /* SettingProfileViewController.swift in Sources */ = {isa = PBXBuildFile; fileRef = D78F9DE5281E9D710002A541 /* SettingProfileViewController.swift */; };
		D78F9DE8281E9D960002A541 /* ProfileViewController.swift in Sources */ = {isa = PBXBuildFile; fileRef = D78F9DE7281E9D960002A541 /* ProfileViewController.swift */; };
		D78F9DEA281E9DC70002A541 /* PlayingSongViewController.swift in Sources */ = {isa = PBXBuildFile; fileRef = D78F9DE9281E9DC70002A541 /* PlayingSongViewController.swift */; };
		D78F9DEC281E9DEB0002A541 /* PlaylistViewController.swift in Sources */ = {isa = PBXBuildFile; fileRef = D78F9DEB281E9DEB0002A541 /* PlaylistViewController.swift */; };
		D78F9DEE281E9E280002A541 /* SearchingResultsViewController.swift in Sources */ = {isa = PBXBuildFile; fileRef = D78F9DED281E9E280002A541 /* SearchingResultsViewController.swift */; };
		D78F9DF0281E9EB10002A541 /* AuthManager.swift in Sources */ = {isa = PBXBuildFile; fileRef = D78F9DEF281E9EB10002A541 /* AuthManager.swift */; };
		D78F9DF2281E9EE50002A541 /* APICaller.swift in Sources */ = {isa = PBXBuildFile; fileRef = D78F9DF1281E9EE50002A541 /* APICaller.swift */; };
		D78F9DF4281E9F3F0002A541 /* Haptics.swift in Sources */ = {isa = PBXBuildFile; fileRef = D78F9DF3281E9F3F0002A541 /* Haptics.swift */; };
		D78F9DF6281E9F990002A541 /* Playlist.swift in Sources */ = {isa = PBXBuildFile; fileRef = D78F9DF5281E9F990002A541 /* Playlist.swift */; };
		D78F9DF8281E9FCB0002A541 /* Singles.swift in Sources */ = {isa = PBXBuildFile; fileRef = D78F9DF7281E9FCB0002A541 /* Singles.swift */; };
		D78F9DFA281E9FF00002A541 /* Artists.swift in Sources */ = {isa = PBXBuildFile; fileRef = D78F9DF9281E9FF00002A541 /* Artists.swift */; };
		D78F9DFC281EA0100002A541 /* Profiles.swift in Sources */ = {isa = PBXBuildFile; fileRef = D78F9DFB281EA0100002A541 /* Profiles.swift */; };
		D78F9DFE281ECB840002A541 /* Extension.swift in Sources */ = {isa = PBXBuildFile; fileRef = D78F9DFD281ECB840002A541 /* Extension.swift */; };
/* End PBXBuildFile section */

/* Begin PBXFileReference section */
		D703B0B1282E917400865172 /* BackgroundAnimation.swift */ = {isa = PBXFileReference; lastKnownFileType = sourcecode.swift; path = BackgroundAnimation.swift; sourceTree = "<group>"; };
		D73B9AF7281E94EE005C376A /* Spotify-Clone-App.app */ = {isa = PBXFileReference; explicitFileType = wrapper.application; includeInIndex = 0; path = "Spotify-Clone-App.app"; sourceTree = BUILT_PRODUCTS_DIR; };
		D73B9AFA281E94EE005C376A /* AppDelegate.swift */ = {isa = PBXFileReference; lastKnownFileType = sourcecode.swift; path = AppDelegate.swift; sourceTree = "<group>"; };
		D73B9AFC281E94EE005C376A /* SceneDelegate.swift */ = {isa = PBXFileReference; lastKnownFileType = sourcecode.swift; path = SceneDelegate.swift; sourceTree = "<group>"; };
		D73B9AFE281E94EE005C376A /* HomeViewController.swift */ = {isa = PBXFileReference; lastKnownFileType = sourcecode.swift; path = HomeViewController.swift; sourceTree = "<group>"; };
		D73B9B03281E94F0005C376A /* Assets.xcassets */ = {isa = PBXFileReference; lastKnownFileType = folder.assetcatalog; path = Assets.xcassets; sourceTree = "<group>"; };
		D73B9B06281E94F0005C376A /* Base */ = {isa = PBXFileReference; lastKnownFileType = file.storyboard; name = Base; path = Base.lproj/LaunchScreen.storyboard; sourceTree = "<group>"; };
		D73B9B08281E94F0005C376A /* Info.plist */ = {isa = PBXFileReference; lastKnownFileType = text.plist.xml; path = Info.plist; sourceTree = "<group>"; };
		D78F9DD6281E9BC60002A541 /* TabBarViewController.swift */ = {isa = PBXFileReference; lastKnownFileType = sourcecode.swift; path = TabBarViewController.swift; sourceTree = "<group>"; };
		D78F9DD9281E9C2B0002A541 /* SearchViewController.swift */ = {isa = PBXFileReference; lastKnownFileType = sourcecode.swift; path = SearchViewController.swift; sourceTree = "<group>"; };
		D78F9DDB281E9C4C0002A541 /* LibraryViewController.swift */ = {isa = PBXFileReference; lastKnownFileType = sourcecode.swift; path = LibraryViewController.swift; sourceTree = "<group>"; };
		D78F9DE0281E9D000002A541 /* AuthViewController.swift */ = {isa = PBXFileReference; lastKnownFileType = sourcecode.swift; path = AuthViewController.swift; sourceTree = "<group>"; };
		D78F9DE2281E9D400002A541 /* HeadScreenViewController.swift */ = {isa = PBXFileReference; lastKnownFileType = sourcecode.swift; path = HeadScreenViewController.swift; sourceTree = "<group>"; };
		D78F9DE5281E9D710002A541 /* SettingProfileViewController.swift */ = {isa = PBXFileReference; lastKnownFileType = sourcecode.swift; path = SettingProfileViewController.swift; sourceTree = "<group>"; };
		D78F9DE7281E9D960002A541 /* ProfileViewController.swift */ = {isa = PBXFileReference; lastKnownFileType = sourcecode.swift; path = ProfileViewController.swift; sourceTree = "<group>"; };
		D78F9DE9281E9DC70002A541 /* PlayingSongViewController.swift */ = {isa = PBXFileReference; lastKnownFileType = sourcecode.swift; path = PlayingSongViewController.swift; sourceTree = "<group>"; };
		D78F9DEB281E9DEB0002A541 /* PlaylistViewController.swift */ = {isa = PBXFileReference; lastKnownFileType = sourcecode.swift; path = PlaylistViewController.swift; sourceTree = "<group>"; };
		D78F9DED281E9E280002A541 /* SearchingResultsViewController.swift */ = {isa = PBXFileReference; lastKnownFileType = sourcecode.swift; path = SearchingResultsViewController.swift; sourceTree = "<group>"; };
		D78F9DEF281E9EB10002A541 /* AuthManager.swift */ = {isa = PBXFileReference; lastKnownFileType = sourcecode.swift; path = AuthManager.swift; sourceTree = "<group>"; };
		D78F9DF1281E9EE50002A541 /* APICaller.swift */ = {isa = PBXFileReference; lastKnownFileType = sourcecode.swift; path = APICaller.swift; sourceTree = "<group>"; };
		D78F9DF3281E9F3F0002A541 /* Haptics.swift */ = {isa = PBXFileReference; lastKnownFileType = sourcecode.swift; path = Haptics.swift; sourceTree = "<group>"; };
		D78F9DF5281E9F990002A541 /* Playlist.swift */ = {isa = PBXFileReference; lastKnownFileType = sourcecode.swift; path = Playlist.swift; sourceTree = "<group>"; };
		D78F9DF7281E9FCB0002A541 /* Singles.swift */ = {isa = PBXFileReference; lastKnownFileType = sourcecode.swift; path = Singles.swift; sourceTree = "<group>"; };
		D78F9DF9281E9FF00002A541 /* Artists.swift */ = {isa = PBXFileReference; lastKnownFileType = sourcecode.swift; path = Artists.swift; sourceTree = "<group>"; };
		D78F9DFB281EA0100002A541 /* Profiles.swift */ = {isa = PBXFileReference; lastKnownFileType = sourcecode.swift; path = Profiles.swift; sourceTree = "<group>"; };
		D78F9DFD281ECB840002A541 /* Extension.swift */ = {isa = PBXFileReference; lastKnownFileType = sourcecode.swift; path = Extension.swift; sourceTree = "<group>"; };
/* End PBXFileReference section */

/* Begin PBXFrameworksBuildPhase section */
		D73B9AF4281E94EE005C376A /* Frameworks */ = {
			isa = PBXFrameworksBuildPhase;
			buildActionMask = 2147483647;
			files = (
			);
			runOnlyForDeploymentPostprocessing = 0;
		};
/* End PBXFrameworksBuildPhase section */

/* Begin PBXGroup section */
		D703B0AE282E912400865172 /* Animations */ = {
			isa = PBXGroup;
			children = (
				D703B0B1282E917400865172 /* BackgroundAnimation.swift */,
			);
			path = Animations;
			sourceTree = "<group>";
		};
		D73B9AEE281E94EE005C376A = {
			isa = PBXGroup;
			children = (
				D73B9AF9281E94EE005C376A /* Spotify-Clone-App */,
				D73B9AF8281E94EE005C376A /* Products */,
			);
			sourceTree = "<group>";
		};
		D73B9AF8281E94EE005C376A /* Products */ = {
			isa = PBXGroup;
			children = (
				D73B9AF7281E94EE005C376A /* Spotify-Clone-App.app */,
			);
			name = Products;
			sourceTree = "<group>";
		};
		D73B9AF9281E94EE005C376A /* Spotify-Clone-App */ = {
			isa = PBXGroup;
			children = (
				D703B0AE282E912400865172 /* Animations */,
				D73B9B13281E9673005C376A /* Resources */,
				D73B9B12281E9669005C376A /* Managers */,
				D73B9B11281E9645005C376A /* View-Models */,
				D73B9B10281E9633005C376A /* Controllers */,
				D73B9B0F281E9625005C376A /* Views */,
				D73B9B0E281E9613005C376A /* Models */,
				D73B9B08281E94F0005C376A /* Info.plist */,
			);
			path = "Spotify-Clone-App";
			sourceTree = "<group>";
		};
		D73B9B0E281E9613005C376A /* Models */ = {
			isa = PBXGroup;
			children = (
				D78F9DF5281E9F990002A541 /* Playlist.swift */,
				D78F9DF7281E9FCB0002A541 /* Singles.swift */,
				D78F9DF9281E9FF00002A541 /* Artists.swift */,
				D78F9DFB281EA0100002A541 /* Profiles.swift */,
			);
			path = Models;
			sourceTree = "<group>";
		};
		D73B9B0F281E9625005C376A /* Views */ = {
			isa = PBXGroup;
			children = (
				D73B9B05281E94F0005C376A /* LaunchScreen.storyboard */,
			);
			path = Views;
			sourceTree = "<group>";
		};
		D73B9B10281E9633005C376A /* Controllers */ = {
			isa = PBXGroup;
			children = (
				D78F9DDF281E9C9E0002A541 /* Other-Part */,
				D78F9DDD281E9C690002A541 /* Core-Part */,
			);
			path = Controllers;
			sourceTree = "<group>";
		};
		D73B9B11281E9645005C376A /* View-Models */ = {
			isa = PBXGroup;
			children = (
			);
			path = "View-Models";
			sourceTree = "<group>";
		};
		D73B9B12281E9669005C376A /* Managers */ = {
			isa = PBXGroup;
			children = (
				D78F9DEF281E9EB10002A541 /* AuthManager.swift */,
				D78F9DF1281E9EE50002A541 /* APICaller.swift */,
				D78F9DF3281E9F3F0002A541 /* Haptics.swift */,
			);
			path = Managers;
			sourceTree = "<group>";
		};
		D73B9B13281E9673005C376A /* Resources */ = {
			isa = PBXGroup;
			children = (
				D73B9B03281E94F0005C376A /* Assets.xcassets */,
				D73B9AFA281E94EE005C376A /* AppDelegate.swift */,
				D73B9AFC281E94EE005C376A /* SceneDelegate.swift */,
				D78F9DFD281ECB840002A541 /* Extension.swift */,
			);
			path = Resources;
			sourceTree = "<group>";
		};
		D78F9DDD281E9C690002A541 /* Core-Part */ = {
			isa = PBXGroup;
			children = (
				D73B9AFE281E94EE005C376A /* HomeViewController.swift */,
				D78F9DD6281E9BC60002A541 /* TabBarViewController.swift */,
				D78F9DD9281E9C2B0002A541 /* SearchViewController.swift */,
				D78F9DDB281E9C4C0002A541 /* LibraryViewController.swift */,
			);
			path = "Core-Part";
			sourceTree = "<group>";
		};
		D78F9DDF281E9C9E0002A541 /* Other-Part */ = {
			isa = PBXGroup;
			children = (
				D78F9DE0281E9D000002A541 /* AuthViewController.swift */,
				D78F9DE2281E9D400002A541 /* HeadScreenViewController.swift */,
				D78F9DE5281E9D710002A541 /* SettingProfileViewController.swift */,
				D78F9DE7281E9D960002A541 /* ProfileViewController.swift */,
				D78F9DE9281E9DC70002A541 /* PlayingSongViewController.swift */,
				D78F9DEB281E9DEB0002A541 /* PlaylistViewController.swift */,
				D78F9DED281E9E280002A541 /* SearchingResultsViewController.swift */,
			);
			path = "Other-Part";
			sourceTree = "<group>";
		};
/* End PBXGroup section */

/* Begin PBXNativeTarget section */
		D73B9AF6281E94EE005C376A /* Spotify-Clone-App */ = {
			isa = PBXNativeTarget;
			buildConfigurationList = D73B9B0B281E94F0005C376A /* Build configuration list for PBXNativeTarget "Spotify-Clone-App" */;
			buildPhases = (
				D73B9AF3281E94EE005C376A /* Sources */,
				D73B9AF4281E94EE005C376A /* Frameworks */,
				D73B9AF5281E94EE005C376A /* Resources */,
			);
			buildRules = (
			);
			dependencies = (
			);
			name = "Spotify-Clone-App";
			productName = "Spotify-Clone-App";
			productReference = D73B9AF7281E94EE005C376A /* Spotify-Clone-App.app */;
			productType = "com.apple.product-type.application";
		};
/* End PBXNativeTarget section */

/* Begin PBXProject section */
		D73B9AEF281E94EE005C376A /* Project object */ = {
			isa = PBXProject;
			attributes = {
				BuildIndependentTargetsInParallel = 1;
				LastSwiftUpdateCheck = 1330;
				LastUpgradeCheck = 1330;
				TargetAttributes = {
					D73B9AF6281E94EE005C376A = {
						CreatedOnToolsVersion = 13.3.1;
					};
				};
			};
			buildConfigurationList = D73B9AF2281E94EE005C376A /* Build configuration list for PBXProject "Spotify-Clone-App" */;
			compatibilityVersion = "Xcode 13.0";
			developmentRegion = en;
			hasScannedForEncodings = 0;
			knownRegions = (
				en,
				Base,
			);
			mainGroup = D73B9AEE281E94EE005C376A;
			productRefGroup = D73B9AF8281E94EE005C376A /* Products */;
			projectDirPath = "";
			projectRoot = "";
			targets = (
				D73B9AF6281E94EE005C376A /* Spotify-Clone-App */,
			);
		};
/* End PBXProject section */

/* Begin PBXResourcesBuildPhase section */
		D73B9AF5281E94EE005C376A /* Resources */ = {
			isa = PBXResourcesBuildPhase;
			buildActionMask = 2147483647;
			files = (
				D73B9B07281E94F0005C376A /* LaunchScreen.storyboard in Resources */,
				D73B9B04281E94F0005C376A /* Assets.xcassets in Resources */,
			);
			runOnlyForDeploymentPostprocessing = 0;
		};
/* End PBXResourcesBuildPhase section */

/* Begin PBXSourcesBuildPhase section */
		D73B9AF3281E94EE005C376A /* Sources */ = {
			isa = PBXSourcesBuildPhase;
			buildActionMask = 2147483647;
			files = (
				D78F9DE6281E9D710002A541 /* SettingProfileViewController.swift in Sources */,
				D78F9DF6281E9F990002A541 /* Playlist.swift in Sources */,
				D703B0B2282E917400865172 /* BackgroundAnimation.swift in Sources */,
				D78F9DF0281E9EB10002A541 /* AuthManager.swift in Sources */,
				D78F9DDA281E9C2B0002A541 /* SearchViewController.swift in Sources */,
				D78F9DE8281E9D960002A541 /* ProfileViewController.swift in Sources */,
				D78F9DF4281E9F3F0002A541 /* Haptics.swift in Sources */,
				D78F9DFA281E9FF00002A541 /* Artists.swift in Sources */,
				D78F9DEA281E9DC70002A541 /* PlayingSongViewController.swift in Sources */,
				D78F9DD7281E9BC60002A541 /* TabBarViewController.swift in Sources */,
				D78F9DFE281ECB840002A541 /* Extension.swift in Sources */,
				D78F9DFC281EA0100002A541 /* Profiles.swift in Sources */,
				D78F9DE3281E9D400002A541 /* HeadScreenViewController.swift in Sources */,
				D73B9AFF281E94EE005C376A /* HomeViewController.swift in Sources */,
				D78F9DEE281E9E280002A541 /* SearchingResultsViewController.swift in Sources */,
				D78F9DE1281E9D000002A541 /* AuthViewController.swift in Sources */,
				D78F9DEC281E9DEB0002A541 /* PlaylistViewController.swift in Sources */,
				D73B9AFB281E94EE005C376A /* AppDelegate.swift in Sources */,
				D78F9DDC281E9C4C0002A541 /* LibraryViewController.swift in Sources */,
				D78F9DF8281E9FCB0002A541 /* Singles.swift in Sources */,
				D78F9DF2281E9EE50002A541 /* APICaller.swift in Sources */,
				D73B9AFD281E94EE005C376A /* SceneDelegate.swift in Sources */,
			);
			runOnlyForDeploymentPostprocessing = 0;
		};
/* End PBXSourcesBuildPhase section */

/* Begin PBXVariantGroup section */
		D73B9B05281E94F0005C376A /* LaunchScreen.storyboard */ = {
			isa = PBXVariantGroup;
			children = (
				D73B9B06281E94F0005C376A /* Base */,
			);
			name = LaunchScreen.storyboard;
			sourceTree = "<group>";
		};
/* End PBXVariantGroup section */

/* Begin XCBuildConfiguration section */
		D73B9B09281E94F0005C376A /* Debug */ = {
			isa = XCBuildConfiguration;
			buildSettings = {
				ALWAYS_SEARCH_USER_PATHS = NO;
				CLANG_ANALYZER_NONNULL = YES;
				CLANG_ANALYZER_NUMBER_OBJECT_CONVERSION = YES_AGGRESSIVE;
				CLANG_CXX_LANGUAGE_STANDARD = "gnu++17";
				CLANG_ENABLE_MODULES = YES;
				CLANG_ENABLE_OBJC_ARC = YES;
				CLANG_ENABLE_OBJC_WEAK = YES;
				CLANG_WARN_BLOCK_CAPTURE_AUTORELEASING = YES;
				CLANG_WARN_BOOL_CONVERSION = YES;
				CLANG_WARN_COMMA = YES;
				CLANG_WARN_CONSTANT_CONVERSION = YES;
				CLANG_WARN_DEPRECATED_OBJC_IMPLEMENTATIONS = YES;
				CLANG_WARN_DIRECT_OBJC_ISA_USAGE = YES_ERROR;
				CLANG_WARN_DOCUMENTATION_COMMENTS = YES;
				CLANG_WARN_EMPTY_BODY = YES;
				CLANG_WARN_ENUM_CONVERSION = YES;
				CLANG_WARN_INFINITE_RECURSION = YES;
				CLANG_WARN_INT_CONVERSION = YES;
				CLANG_WARN_NON_LITERAL_NULL_CONVERSION = YES;
				CLANG_WARN_OBJC_IMPLICIT_RETAIN_SELF = YES;
				CLANG_WARN_OBJC_LITERAL_CONVERSION = YES;
				CLANG_WARN_OBJC_ROOT_CLASS = YES_ERROR;
				CLANG_WARN_QUOTED_INCLUDE_IN_FRAMEWORK_HEADER = YES;
				CLANG_WARN_RANGE_LOOP_ANALYSIS = YES;
				CLANG_WARN_STRICT_PROTOTYPES = YES;
				CLANG_WARN_SUSPICIOUS_MOVE = YES;
				CLANG_WARN_UNGUARDED_AVAILABILITY = YES_AGGRESSIVE;
				CLANG_WARN_UNREACHABLE_CODE = YES;
				CLANG_WARN__DUPLICATE_METHOD_MATCH = YES;
				COPY_PHASE_STRIP = NO;
				DEBUG_INFORMATION_FORMAT = dwarf;
				ENABLE_STRICT_OBJC_MSGSEND = YES;
				ENABLE_TESTABILITY = YES;
				GCC_C_LANGUAGE_STANDARD = gnu11;
				GCC_DYNAMIC_NO_PIC = NO;
				GCC_NO_COMMON_BLOCKS = YES;
				GCC_OPTIMIZATION_LEVEL = 0;
				GCC_PREPROCESSOR_DEFINITIONS = (
					"DEBUG=1",
					"$(inherited)",
				);
				GCC_WARN_64_TO_32_BIT_CONVERSION = YES;
				GCC_WARN_ABOUT_RETURN_TYPE = YES_ERROR;
				GCC_WARN_UNDECLARED_SELECTOR = YES;
				GCC_WARN_UNINITIALIZED_AUTOS = YES_AGGRESSIVE;
				GCC_WARN_UNUSED_FUNCTION = YES;
				GCC_WARN_UNUSED_VARIABLE = YES;
				IPHONEOS_DEPLOYMENT_TARGET = 15.4;
				MTL_ENABLE_DEBUG_INFO = INCLUDE_SOURCE;
				MTL_FAST_MATH = YES;
				ONLY_ACTIVE_ARCH = YES;
				SDKROOT = iphoneos;
				SWIFT_ACTIVE_COMPILATION_CONDITIONS = DEBUG;
				SWIFT_OPTIMIZATION_LEVEL = "-Onone";
			};
			name = Debug;
		};
		D73B9B0A281E94F0005C376A /* Release */ = {
			isa = XCBuildConfiguration;
			buildSettings = {
				ALWAYS_SEARCH_USER_PATHS = NO;
				CLANG_ANALYZER_NONNULL = YES;
				CLANG_ANALYZER_NUMBER_OBJECT_CONVERSION = YES_AGGRESSIVE;
				CLANG_CXX_LANGUAGE_STANDARD = "gnu++17";
				CLANG_ENABLE_MODULES = YES;
				CLANG_ENABLE_OBJC_ARC = YES;
				CLANG_ENABLE_OBJC_WEAK = YES;
				CLANG_WARN_BLOCK_CAPTURE_AUTORELEASING = YES;
				CLANG_WARN_BOOL_CONVERSION = YES;
				CLANG_WARN_COMMA = YES;
				CLANG_WARN_CONSTANT_CONVERSION = YES;
				CLANG_WARN_DEPRECATED_OBJC_IMPLEMENTATIONS = YES;
				CLANG_WARN_DIRECT_OBJC_ISA_USAGE = YES_ERROR;
				CLANG_WARN_DOCUMENTATION_COMMENTS = YES;
				CLANG_WARN_EMPTY_BODY = YES;
				CLANG_WARN_ENUM_CONVERSION = YES;
				CLANG_WARN_INFINITE_RECURSION = YES;
				CLANG_WARN_INT_CONVERSION = YES;
				CLANG_WARN_NON_LITERAL_NULL_CONVERSION = YES;
				CLANG_WARN_OBJC_IMPLICIT_RETAIN_SELF = YES;
				CLANG_WARN_OBJC_LITERAL_CONVERSION = YES;
				CLANG_WARN_OBJC_ROOT_CLASS = YES_ERROR;
				CLANG_WARN_QUOTED_INCLUDE_IN_FRAMEWORK_HEADER = YES;
				CLANG_WARN_RANGE_LOOP_ANALYSIS = YES;
				CLANG_WARN_STRICT_PROTOTYPES = YES;
				CLANG_WARN_SUSPICIOUS_MOVE = YES;
				CLANG_WARN_UNGUARDED_AVAILABILITY = YES_AGGRESSIVE;
				CLANG_WARN_UNREACHABLE_CODE = YES;
				CLANG_WARN__DUPLICATE_METHOD_MATCH = YES;
				COPY_PHASE_STRIP = NO;
				DEBUG_INFORMATION_FORMAT = "dwarf-with-dsym";
				ENABLE_NS_ASSERTIONS = NO;
				ENABLE_STRICT_OBJC_MSGSEND = YES;
				GCC_C_LANGUAGE_STANDARD = gnu11;
				GCC_NO_COMMON_BLOCKS = YES;
				GCC_WARN_64_TO_32_BIT_CONVERSION = YES;
				GCC_WARN_ABOUT_RETURN_TYPE = YES_ERROR;
				GCC_WARN_UNDECLARED_SELECTOR = YES;
				GCC_WARN_UNINITIALIZED_AUTOS = YES_AGGRESSIVE;
				GCC_WARN_UNUSED_FUNCTION = YES;
				GCC_WARN_UNUSED_VARIABLE = YES;
				IPHONEOS_DEPLOYMENT_TARGET = 15.4;
				MTL_ENABLE_DEBUG_INFO = NO;
				MTL_FAST_MATH = YES;
				SDKROOT = iphoneos;
				SWIFT_COMPILATION_MODE = wholemodule;
				SWIFT_OPTIMIZATION_LEVEL = "-O";
				VALIDATE_PRODUCT = YES;
			};
			name = Release;
		};
		D73B9B0C281E94F0005C376A /* Debug */ = {
			isa = XCBuildConfiguration;
			buildSettings = {
				ASSETCATALOG_COMPILER_APPICON_NAME = AppIcon;
				ASSETCATALOG_COMPILER_GLOBAL_ACCENT_COLOR_NAME = AccentColor;
				CODE_SIGN_STYLE = Automatic;
				CURRENT_PROJECT_VERSION = 1;
				DEVELOPMENT_TEAM = 5S4TMVFBL9;
				GENERATE_INFOPLIST_FILE = YES;
				INFOPLIST_FILE = "Spotify-Clone-App/Info.plist";
				INFOPLIST_KEY_UIApplicationSupportsIndirectInputEvents = YES;
				INFOPLIST_KEY_UILaunchStoryboardName = LaunchScreen;
				INFOPLIST_KEY_UIMainStoryboardFile = "";
				INFOPLIST_KEY_UISupportedInterfaceOrientations_iPad = "UIInterfaceOrientationPortrait UIInterfaceOrientationPortraitUpsideDown UIInterfaceOrientationLandscapeLeft UIInterfaceOrientationLandscapeRight";
				INFOPLIST_KEY_UISupportedInterfaceOrientations_iPhone = "UIInterfaceOrientationPortrait UIInterfaceOrientationLandscapeLeft UIInterfaceOrientationLandscapeRight";
				LD_RUNPATH_SEARCH_PATHS = (
					"$(inherited)",
					"@executable_path/Frameworks",
				);
				MARKETING_VERSION = 1.0;
				PRODUCT_BUNDLE_IDENTIFIER = "vailed.Spotify-Clone-App";
				PRODUCT_NAME = "$(TARGET_NAME)";
				SWIFT_EMIT_LOC_STRINGS = YES;
				SWIFT_VERSION = 5.0;
				TARGETED_DEVICE_FAMILY = "1,2";
			};
			name = Debug;
		};
		D73B9B0D281E94F0005C376A /* Release */ = {
			isa = XCBuildConfiguration;
			buildSettings = {
				ASSETCATALOG_COMPILER_APPICON_NAME = AppIcon;
				ASSETCATALOG_COMPILER_GLOBAL_ACCENT_COLOR_NAME = AccentColor;
				CODE_SIGN_STYLE = Automatic;
				CURRENT_PROJECT_VERSION = 1;
				DEVELOPMENT_TEAM = 5S4TMVFBL9;
				GENERATE_INFOPLIST_FILE = YES;
				INFOPLIST_FILE = "Spotify-Clone-App/Info.plist";
				INFOPLIST_KEY_UIApplicationSupportsIndirectInputEvents = YES;
				INFOPLIST_KEY_UILaunchStoryboardName = LaunchScreen;
				INFOPLIST_KEY_UIMainStoryboardFile = "";
				INFOPLIST_KEY_UISupportedInterfaceOrientations_iPad = "UIInterfaceOrientationPortrait UIInterfaceOrientationPortraitUpsideDown UIInterfaceOrientationLandscapeLeft UIInterfaceOrientationLandscapeRight";
				INFOPLIST_KEY_UISupportedInterfaceOrientations_iPhone = "UIInterfaceOrientationPortrait UIInterfaceOrientationLandscapeLeft UIInterfaceOrientationLandscapeRight";
				LD_RUNPATH_SEARCH_PATHS = (
					"$(inherited)",
					"@executable_path/Frameworks",
				);
				MARKETING_VERSION = 1.0;
				PRODUCT_BUNDLE_IDENTIFIER = "vailed.Spotify-Clone-App";
				PRODUCT_NAME = "$(TARGET_NAME)";
				SWIFT_EMIT_LOC_STRINGS = YES;
				SWIFT_VERSION = 5.0;
				TARGETED_DEVICE_FAMILY = "1,2";
			};
			name = Release;
		};
/* End XCBuildConfiguration section */

/* Begin XCConfigurationList section */
		D73B9AF2281E94EE005C376A /* Build configuration list for PBXProject "Spotify-Clone-App" */ = {
			isa = XCConfigurationList;
			buildConfigurations = (
				D73B9B09281E94F0005C376A /* Debug */,
				D73B9B0A281E94F0005C376A /* Release */,
			);
			defaultConfigurationIsVisible = 0;
			defaultConfigurationName = Release;
		};
		D73B9B0B281E94F0005C376A /* Build configuration list for PBXNativeTarget "Spotify-Clone-App" */ = {
			isa = XCConfigurationList;
			buildConfigurations = (
				D73B9B0C281E94F0005C376A /* Debug */,
				D73B9B0D281E94F0005C376A /* Release */,
			);
			defaultConfigurationIsVisible = 0;
			defaultConfigurationName = Release;
		};
/* End XCConfigurationList section */
	};
	rootObject = D73B9AEF281E94EE005C376A /* Project object */;
}
